
Microsoft Visual Studio Solution File, Format Version 11.00
# Visual Studio 2010
Project("{FAE04EC0-301F-11D3-BF4B-00C04F79EFBC}") = "Models", "Models\Models.csproj", "{6511945D-4F62-405A-A056-A2D764E2BE36}"
EndProject
Project("{FAE04EC0-301F-11D3-BF4B-00C04F79EFBC}") = "Controller", "Controller\Controller.csproj", "{9FA20E5B-B67D-4AC5-9192-F0F14C7EEC0C}"
EndProject
Project("{FAE04EC0-301F-11D3-BF4B-00C04F79EFBC}") = "DataConnection", "DataConection\DataConnection.csproj", "{8853DB4D-CA7B-451F-B616-6347261B2695}"
EndProject
Project("{2150E333-8FDC-42A3-9474-1A3956D46DE8}") = "MVC Data", "MVC Data", "{1C6AEBFF-1F30-440F-86B1-2EF7595FC08E}"
EndProject
Project("{2150E333-8FDC-42A3-9474-1A3956D46DE8}") = "MVC System", "MVC System", "{96568CFF-3E88-478B-AC25-466288294100}"
EndProject
Project("{FAE04EC0-301F-11D3-BF4B-00C04F79EFBC}") = "Util", "Util\Util.csproj", "{5668BE43-061F-4FD2-AE08-ED9742E23309}"
EndProject
Project("{FAE04EC0-301F-11D3-BF4B-00C04F79EFBC}") = "Aplicacao", "Aplicacao\Aplicacao.csproj", "{EB5A6D60-2897-45D3-A61F-685FA4F03180}"
EndProject
Project("{2150E333-8FDC-42A3-9474-1A3956D46DE8}") = "BD Files", "BD Files", "{B7DECCCB-ABB1-4D91-BFB1-F5A3A6596AA8}"
	ProjectSection(SolutionItems) = preProject
		BD Files\SqlQuery_1.sql = BD Files\SqlQuery_1.sql
	EndProjectSection
EndProject
Global
	GlobalSection(SolutionConfigurationPlatforms) = preSolution
		Debug|Any CPU = Debug|Any CPU
		Release|Any CPU = Release|Any CPU
	EndGlobalSection
	GlobalSection(ProjectConfigurationPlatforms) = postSolution
		{6511945D-4F62-405A-A056-A2D764E2BE36}.Debug|Any CPU.ActiveCfg = Debug|Any CPU
		{6511945D-4F62-405A-A056-A2D764E2BE36}.Debug|Any CPU.Build.0 = Debug|Any CPU
		{6511945D-4F62-405A-A056-A2D764E2BE36}.Release|Any CPU.ActiveCfg = Release|Any CPU
		{6511945D-4F62-405A-A056-A2D764E2BE36}.Release|Any CPU.Build.0 = Release|Any CPU
		{9FA20E5B-B67D-4AC5-9192-F0F14C7EEC0C}.Debug|Any CPU.ActiveCfg = Debug|Any CPU
		{9FA20E5B-B67D-4AC5-9192-F0F14C7EEC0C}.Debug|Any CPU.Build.0 = Debug|Any CPU
		{9FA20E5B-B67D-4AC5-9192-F0F14C7EEC0C}.Release|Any CPU.ActiveCfg = Release|Any CPU
		{9FA20E5B-B67D-4AC5-9192-F0F14C7EEC0C}.Release|Any CPU.Build.0 = Release|Any CPU
		{8853DB4D-CA7B-451F-B616-6347261B2695}.Debug|Any CPU.ActiveCfg = Debug|Any CPU
		{8853DB4D-CA7B-451F-B616-6347261B2695}.Debug|Any CPU.Build.0 = Debug|Any CPU
		{8853DB4D-CA7B-451F-B616-6347261B2695}.Release|Any CPU.ActiveCfg = Release|Any CPU
		{8853DB4D-CA7B-451F-B616-6347261B2695}.Release|Any CPU.Build.0 = Release|Any CPU
		{5668BE43-061F-4FD2-AE08-ED9742E23309}.Debug|Any CPU.ActiveCfg = Debug|Any CPU
		{5668BE43-061F-4FD2-AE08-ED9742E23309}.Debug|Any CPU.Build.0 = Debug|Any CPU
		{5668BE43-061F-4FD2-AE08-ED9742E23309}.Release|Any CPU.ActiveCfg = Release|Any CPU
		{5668BE43-061F-4FD2-AE08-ED9742E23309}.Release|Any CPU.Build.0 = Release|Any CPU
		{EB5A6D60-2897-45D3-A61F-685FA4F03180}.Debug|Any CPU.ActiveCfg = Debug|Any CPU
		{EB5A6D60-2897-45D3-A61F-685FA4F03180}.Debug|Any CPU.Build.0 = Debug|Any CPU
		{EB5A6D60-2897-45D3-A61F-685FA4F03180}.Release|Any CPU.ActiveCfg = Release|Any CPU
		{EB5A6D60-2897-45D3-A61F-685FA4F03180}.Release|Any CPU.Build.0 = Release|Any CPU
	EndGlobalSection
	GlobalSection(SolutionProperties) = preSolution
		HideSolutionNode = FALSE
	EndGlobalSection
	GlobalSection(NestedProjects) = preSolution
		{9FA20E5B-B67D-4AC5-9192-F0F14C7EEC0C} = {1C6AEBFF-1F30-440F-86B1-2EF7595FC08E}
		{8853DB4D-CA7B-451F-B616-6347261B2695} = {1C6AEBFF-1F30-440F-86B1-2EF7595FC08E}
		{6511945D-4F62-405A-A056-A2D764E2BE36} = {1C6AEBFF-1F30-440F-86B1-2EF7595FC08E}
		{5668BE43-061F-4FD2-AE08-ED9742E23309} = {1C6AEBFF-1F30-440F-86B1-2EF7595FC08E}
		{EB5A6D60-2897-45D3-A61F-685FA4F03180} = {96568CFF-3E88-478B-AC25-466288294100}
	EndGlobalSection
EndGlobal
